
Microsoft Visual Studio Solution File, Format Version 12.00
# Visual Studio Version 17
VisualStudioVersion = 17.13.35919.96 d17.13
MinimumVisualStudioVersion = 10.0.40219.1
Project("{FAE04EC0-301F-11D3-BF4B-00C04F79EFBC}") = "ProyectoFinal4S", "ProyectoFinal4S\ProyectoFinal4S.csproj", "{FFA692AD-9D63-4041-9959-577F238C161D}"
EndProject
Global
	GlobalSection(SolutionConfigurationPlatforms) = preSolution
		Debug|Any CPU = Debug|Any CPU
		Release|Any CPU = Release|Any CPU
	EndGlobalSection
	GlobalSection(ProjectConfigurationPlatforms) = postSolution
		{FFA692AD-9D63-4041-9959-577F238C161D}.Debug|Any CPU.ActiveCfg = Debug|Any CPU
		{FFA692AD-9D63-4041-9959-577F238C161D}.Debug|Any CPU.Build.0 = Debug|Any CPU
		{FFA692AD-9D63-4041-9959-577F238C161D}.Release|Any CPU.ActiveCfg = Release|Any CPU
		{FFA692AD-9D63-4041-9959-577F238C161D}.Release|Any CPU.Build.0 = Release|Any CPU
	EndGlobalSection
	GlobalSection(SolutionProperties) = preSolution
		HideSolutionNode = FALSE
	EndGlobalSection
	GlobalSection(ExtensibilityGlobals) = postSolution
		SolutionGuid = {4D780573-508B-4565-AAC1-DB2438714E2C}
	EndGlobalSection
EndGlobal
